
Microsoft Visual Studio Solution File, Format Version 12.00
# Visual Studio Version 17
VisualStudioVersion = 17.0.32126.317
MinimumVisualStudioVersion = 10.0.40219.1
Project("{FAE04EC0-301F-11D3-BF4B-00C04F79EFBC}") = "WeatherApi.Cli", "WeatherApi.Cli\WeatherApi.Cli.csproj", "{689FCFE2-A97D-471E-87A6-D6FF82FECAD6}"
EndProject
Global
	GlobalSection(SolutionConfigurationPlatforms) = preSolution
		Debug|Any CPU = Debug|Any CPU
		Release|Any CPU = Release|Any CPU
	EndGlobalSection
	GlobalSection(ProjectConfigurationPlatforms) = postSolution
		{689FCFE2-A97D-471E-87A6-D6FF82FECAD6}.Debug|Any CPU.ActiveCfg = Debug|Any CPU
		{689FCFE2-A97D-471E-87A6-D6FF82FECAD6}.Debug|Any CPU.Build.0 = Debug|Any CPU
		{689FCFE2-A97D-471E-87A6-D6FF82FECAD6}.Release|Any CPU.ActiveCfg = Release|Any CPU
		{689FCFE2-A97D-471E-87A6-D6FF82FECAD6}.Release|Any CPU.Build.0 = Release|Any CPU
	EndGlobalSection
	GlobalSection(SolutionProperties) = preSolution
		HideSolutionNode = FALSE
	EndGlobalSection
	GlobalSection(ExtensibilityGlobals) = postSolution
		SolutionGuid = {2CE1ED84-FAAE-427D-B42A-0548FC7FA933}
	EndGlobalSection
EndGlobal
